<?xml version="1.0" encoding="UTF-8" standalone="yes" ?>
<CodeBlocks_project_file>
	<FileVersion major="1" minor="6" />
	<Project>
		<Option title="ISP management" />
		<Option pch_mode="2" />
		<Option compiler="gcc" />
		<Build>
			<Target title="Debug">
				<Option output="bin/Debug/ISP management" prefix_auto="1" extension_auto="1" />
				<Option object_output="obj/Debug/" />
				<Option type="1" />
				<Option compiler="gcc" />
				<Compiler>
					<Add option="-g" />
				</Compiler>
			</Target>
			<Target title="Release">
				<Option output="bin/Release/ISP management" prefix_auto="1" extension_auto="1" />
				<Option object_output="obj/Release/" />
				<Option type="1" />
				<Option compiler="gcc" />
				<Compiler>
					<Add option="-O2" />
				</Compiler>
				<Linker>
					<Add option="-s" />
				</Linker>
			</Target>
		</Build>
		<Compiler>
			<Add option="-Wall" />
		</Compiler>
		<Unit filename="admin.cpp" />
		<Unit filename="admin.h" />
		<Unit filename="client.cpp" />
		<Unit filename="client.h" />
		<Unit filename="functions.cpp" />
		<Unit filename="functions.h" />
		<Unit filename="main.cpp" />
		<Unit filename="package.cpp" />
		<Unit filename="package.h" />
		<Unit filename="premium.cpp" />
		<Unit filename="premium.h" />
		<Unit filename="standard.cpp" />
		<Unit filename="standard.h" />
		<Unit filename="user.cpp" />
		<Unit filename="user.h" />
		<Extensions>
			<code_completion />
			<envvars />
			<debugger />
		</Extensions>
	</Project>
</CodeBlocks_project_file>
